
Microsoft Visual Studio Solution File, Format Version 12.00
# Visual Studio Version 16
VisualStudioVersion = 16.0.30104.148
MinimumVisualStudioVersion = 10.0.40219.1
Project("{8BC9CEB8-8B4A-11D0-8D11-00A0C91BC942}") = "CombinePV", "CombinePV.vcxproj", "{CA0E1491-D385-4562-AC30-CFD0FA2EACCB}"
EndProject
Global
	GlobalSection(SolutionConfigurationPlatforms) = preSolution
		Debug|Win32 = Debug|Win32
		Debug|x64 = Debug|x64
		Debug|x86 = Debug|x86
		Release|Win32 = Release|Win32
		Release|x64 = Release|x64
		Release|x86 = Release|x86
	EndGlobalSection
	GlobalSection(ProjectConfigurationPlatforms) = postSolution
		{CA0E1491-D385-4562-AC30-CFD0FA2EACCB}.Debug|Win32.ActiveCfg = Debug|Win32
		{CA0E1491-D385-4562-AC30-CFD0FA2EACCB}.Debug|Win32.Build.0 = Debug|Win32
		{CA0E1491-D385-4562-AC30-CFD0FA2EACCB}.Debug|x64.ActiveCfg = Debug|x64
		{CA0E1491-D385-4562-AC30-CFD0FA2EACCB}.Debug|x64.Build.0 = Debug|x64
		{CA0E1491-D385-4562-AC30-CFD0FA2EACCB}.Debug|x86.ActiveCfg = Debug|Win32
		{CA0E1491-D385-4562-AC30-CFD0FA2EACCB}.Debug|x86.Build.0 = Debug|Win32
		{CA0E1491-D385-4562-AC30-CFD0FA2EACCB}.Release|Win32.ActiveCfg = Release|Win32
		{CA0E1491-D385-4562-AC30-CFD0FA2EACCB}.Release|Win32.Build.0 = Release|Win32
		{CA0E1491-D385-4562-AC30-CFD0FA2EACCB}.Release|x64.ActiveCfg = Release|x64
		{CA0E1491-D385-4562-AC30-CFD0FA2EACCB}.Release|x64.Build.0 = Release|x64
		{CA0E1491-D385-4562-AC30-CFD0FA2EACCB}.Release|x86.ActiveCfg = Release|Win32
		{CA0E1491-D385-4562-AC30-CFD0FA2EACCB}.Release|x86.Build.0 = Release|Win32
	EndGlobalSection
	GlobalSection(SolutionProperties) = preSolution
		HideSolutionNode = FALSE
	EndGlobalSection
	GlobalSection(ExtensibilityGlobals) = postSolution
		SolutionGuid = {A887D49A-E483-42A9-81F9-8A6B37F009E6}
	EndGlobalSection
EndGlobal
